
Microsoft Visual Studio Solution File, Format Version 12.00
# Visual Studio 15
VisualStudioVersion = 15.0.28010.2026
MinimumVisualStudioVersion = 10.0.40219.1
Project("{FAE04EC0-301F-11D3-BF4B-00C04F79EFBC}") = "lab.rab.2", "lab.rab.2\lab.rab.2.csproj", "{0F39F3FC-C09D-4261-9953-410155E34A53}"
EndProject
Global
	GlobalSection(SolutionConfigurationPlatforms) = preSolution
		Debug|Any CPU = Debug|Any CPU
		Release|Any CPU = Release|Any CPU
	EndGlobalSection
	GlobalSection(ProjectConfigurationPlatforms) = postSolution
		{0F39F3FC-C09D-4261-9953-410155E34A53}.Debug|Any CPU.ActiveCfg = Debug|Any CPU
		{0F39F3FC-C09D-4261-9953-410155E34A53}.Debug|Any CPU.Build.0 = Debug|Any CPU
		{0F39F3FC-C09D-4261-9953-410155E34A53}.Release|Any CPU.ActiveCfg = Release|Any CPU
		{0F39F3FC-C09D-4261-9953-410155E34A53}.Release|Any CPU.Build.0 = Release|Any CPU
	EndGlobalSection
	GlobalSection(SolutionProperties) = preSolution
		HideSolutionNode = FALSE
	EndGlobalSection
	GlobalSection(ExtensibilityGlobals) = postSolution
		SolutionGuid = {DCDBE15B-8CD9-4D7C-9628-5F0FD0116F70}
	EndGlobalSection
EndGlobal
